
Microsoft Visual Studio Solution File, Format Version 12.00
# Visual Studio 15
VisualStudioVersion = 15.0.26124.0
MinimumVisualStudioVersion = 15.0.26124.0
Project("{2150E333-8FDC-42A3-9474-1A3956D46DE8}") = "src", "src", "{29B23475-8547-4CF5-908B-8EB81B1A9430}"
EndProject
Project("{FAE04EC0-301F-11D3-BF4B-00C04F79EFBC}") = "Puzzles", "src\Puzzles\Puzzles.csproj", "{3F34D931-AD75-4A28-B7B0-21CA2EECFEB8}"
EndProject
Project("{FAE04EC0-301F-11D3-BF4B-00C04F79EFBC}") = "Contests", "src\Contests\Contests.csproj", "{C16D588A-FD41-4330-814E-370ABECD7B43}"
EndProject
Global
	GlobalSection(SolutionConfigurationPlatforms) = preSolution
		Debug|Any CPU = Debug|Any CPU
		Debug|x64 = Debug|x64
		Debug|x86 = Debug|x86
		Release|Any CPU = Release|Any CPU
		Release|x64 = Release|x64
		Release|x86 = Release|x86
	EndGlobalSection
	GlobalSection(SolutionProperties) = preSolution
		HideSolutionNode = FALSE
	EndGlobalSection
	GlobalSection(ProjectConfigurationPlatforms) = postSolution
		{3F34D931-AD75-4A28-B7B0-21CA2EECFEB8}.Debug|Any CPU.ActiveCfg = Debug|Any CPU
		{3F34D931-AD75-4A28-B7B0-21CA2EECFEB8}.Debug|Any CPU.Build.0 = Debug|Any CPU
		{3F34D931-AD75-4A28-B7B0-21CA2EECFEB8}.Debug|x64.ActiveCfg = Debug|Any CPU
		{3F34D931-AD75-4A28-B7B0-21CA2EECFEB8}.Debug|x64.Build.0 = Debug|Any CPU
		{3F34D931-AD75-4A28-B7B0-21CA2EECFEB8}.Debug|x86.ActiveCfg = Debug|Any CPU
		{3F34D931-AD75-4A28-B7B0-21CA2EECFEB8}.Debug|x86.Build.0 = Debug|Any CPU
		{3F34D931-AD75-4A28-B7B0-21CA2EECFEB8}.Release|Any CPU.ActiveCfg = Release|Any CPU
		{3F34D931-AD75-4A28-B7B0-21CA2EECFEB8}.Release|Any CPU.Build.0 = Release|Any CPU
		{3F34D931-AD75-4A28-B7B0-21CA2EECFEB8}.Release|x64.ActiveCfg = Release|Any CPU
		{3F34D931-AD75-4A28-B7B0-21CA2EECFEB8}.Release|x64.Build.0 = Release|Any CPU
		{3F34D931-AD75-4A28-B7B0-21CA2EECFEB8}.Release|x86.ActiveCfg = Release|Any CPU
		{3F34D931-AD75-4A28-B7B0-21CA2EECFEB8}.Release|x86.Build.0 = Release|Any CPU
		{C16D588A-FD41-4330-814E-370ABECD7B43}.Debug|Any CPU.ActiveCfg = Debug|Any CPU
		{C16D588A-FD41-4330-814E-370ABECD7B43}.Debug|Any CPU.Build.0 = Debug|Any CPU
		{C16D588A-FD41-4330-814E-370ABECD7B43}.Debug|x64.ActiveCfg = Debug|Any CPU
		{C16D588A-FD41-4330-814E-370ABECD7B43}.Debug|x64.Build.0 = Debug|Any CPU
		{C16D588A-FD41-4330-814E-370ABECD7B43}.Debug|x86.ActiveCfg = Debug|Any CPU
		{C16D588A-FD41-4330-814E-370ABECD7B43}.Debug|x86.Build.0 = Debug|Any CPU
		{C16D588A-FD41-4330-814E-370ABECD7B43}.Release|Any CPU.ActiveCfg = Release|Any CPU
		{C16D588A-FD41-4330-814E-370ABECD7B43}.Release|Any CPU.Build.0 = Release|Any CPU
		{C16D588A-FD41-4330-814E-370ABECD7B43}.Release|x64.ActiveCfg = Release|Any CPU
		{C16D588A-FD41-4330-814E-370ABECD7B43}.Release|x64.Build.0 = Release|Any CPU
		{C16D588A-FD41-4330-814E-370ABECD7B43}.Release|x86.ActiveCfg = Release|Any CPU
		{C16D588A-FD41-4330-814E-370ABECD7B43}.Release|x86.Build.0 = Release|Any CPU
	EndGlobalSection
	GlobalSection(NestedProjects) = preSolution
		{3F34D931-AD75-4A28-B7B0-21CA2EECFEB8} = {29B23475-8547-4CF5-908B-8EB81B1A9430}
		{C16D588A-FD41-4330-814E-370ABECD7B43} = {29B23475-8547-4CF5-908B-8EB81B1A9430}
	EndGlobalSection
EndGlobal
